
Microsoft Visual Studio Solution File, Format Version 11.00
# Visual Studio 2010
Project("{FAE04EC0-301F-11D3-BF4B-00C04F79EFBC}") = "VuforiaScripts", "VuforiaScripts.csproj", "{C6B84BC4-7D5C-C289-8E05-B9C608E0AB4A}"
EndProject
Project("{FAE04EC0-301F-11D3-BF4B-00C04F79EFBC}") = "Assembly-CSharp", "Assembly-CSharp.csproj", "{A39BDBC2-C87D-AF92-D171-B7AAD9F07486}"
EndProject
Project("{FAE04EC0-301F-11D3-BF4B-00C04F79EFBC}") = "VuforiaEditorScripts", "VuforiaEditorScripts.csproj", "{83C29B7D-048F-0131-B11C-998D059B9204}"
EndProject
Global
	GlobalSection(SolutionConfigurationPlatforms) = preSolution
		Debug|Any CPU = Debug|Any CPU
		Release|Any CPU = Release|Any CPU
	EndGlobalSection
	GlobalSection(ProjectConfigurationPlatforms) = postSolution
		{C6B84BC4-7D5C-C289-8E05-B9C608E0AB4A}.Debug|Any CPU.ActiveCfg = Debug|Any CPU
		{C6B84BC4-7D5C-C289-8E05-B9C608E0AB4A}.Debug|Any CPU.Build.0 = Debug|Any CPU
		{C6B84BC4-7D5C-C289-8E05-B9C608E0AB4A}.Release|Any CPU.ActiveCfg = Release|Any CPU
		{C6B84BC4-7D5C-C289-8E05-B9C608E0AB4A}.Release|Any CPU.Build.0 = Release|Any CPU
		{A39BDBC2-C87D-AF92-D171-B7AAD9F07486}.Debug|Any CPU.ActiveCfg = Debug|Any CPU
		{A39BDBC2-C87D-AF92-D171-B7AAD9F07486}.Debug|Any CPU.Build.0 = Debug|Any CPU
		{A39BDBC2-C87D-AF92-D171-B7AAD9F07486}.Release|Any CPU.ActiveCfg = Release|Any CPU
		{A39BDBC2-C87D-AF92-D171-B7AAD9F07486}.Release|Any CPU.Build.0 = Release|Any CPU
		{83C29B7D-048F-0131-B11C-998D059B9204}.Debug|Any CPU.ActiveCfg = Debug|Any CPU
		{83C29B7D-048F-0131-B11C-998D059B9204}.Debug|Any CPU.Build.0 = Debug|Any CPU
		{83C29B7D-048F-0131-B11C-998D059B9204}.Release|Any CPU.ActiveCfg = Release|Any CPU
		{83C29B7D-048F-0131-B11C-998D059B9204}.Release|Any CPU.Build.0 = Release|Any CPU
	EndGlobalSection
	GlobalSection(SolutionProperties) = preSolution
		HideSolutionNode = FALSE
	EndGlobalSection
	GlobalSection(MonoDevelopProperties) = preSolution
		StartupItem = Assembly-CSharp.csproj
	EndGlobalSection
EndGlobal
